
Microsoft Visual Studio Solution File, Format Version 12.00
# Visual Studio Version 16
VisualStudioVersion = 16.0.810.21
MinimumVisualStudioVersion = 10.0.40219.1
Project("{FAE04EC0-301F-11D3-BF4B-00C04F79EFBC}") = "AuditionClean", "AuditionClean.csproj", "{618CB681-E33F-483B-9977-B68B7E273714}"
EndProject
Global
	GlobalSection(SolutionConfigurationPlatforms) = preSolution
		Debug|Any CPU = Debug|Any CPU
		Release|Any CPU = Release|Any CPU
	EndGlobalSection
	GlobalSection(ProjectConfigurationPlatforms) = postSolution
		{618CB681-E33F-483B-9977-B68B7E273714}.Debug|Any CPU.ActiveCfg = Debug|Any CPU
		{618CB681-E33F-483B-9977-B68B7E273714}.Debug|Any CPU.Build.0 = Debug|Any CPU
		{618CB681-E33F-483B-9977-B68B7E273714}.Release|Any CPU.ActiveCfg = Release|Any CPU
		{618CB681-E33F-483B-9977-B68B7E273714}.Release|Any CPU.Build.0 = Release|Any CPU
	EndGlobalSection
	GlobalSection(SolutionProperties) = preSolution
		HideSolutionNode = FALSE
	EndGlobalSection
	GlobalSection(ExtensibilityGlobals) = postSolution
		SolutionGuid = {BCF4FB80-5FED-4EFC-9A78-514A893D9AE3}
	EndGlobalSection
EndGlobal
